
Microsoft Visual Studio Solution File, Format Version 12.00
# Visual Studio Version 16
VisualStudioVersion = 16.0.29009.5
MinimumVisualStudioVersion = 10.0.40219.1
Project("{FAE04EC0-301F-11D3-BF4B-00C04F79EFBC}") = "Study", "Study\Study.csproj", "{82DC40EB-21E1-4A4C-AD60-315359372B4E}"
EndProject
Global
	GlobalSection(SolutionConfigurationPlatforms) = preSolution
		Debug|Any CPU = Debug|Any CPU
		Release|Any CPU = Release|Any CPU
	EndGlobalSection
	GlobalSection(ProjectConfigurationPlatforms) = postSolution
		{82DC40EB-21E1-4A4C-AD60-315359372B4E}.Debug|Any CPU.ActiveCfg = Debug|Any CPU
		{82DC40EB-21E1-4A4C-AD60-315359372B4E}.Debug|Any CPU.Build.0 = Debug|Any CPU
		{82DC40EB-21E1-4A4C-AD60-315359372B4E}.Release|Any CPU.ActiveCfg = Release|Any CPU
		{82DC40EB-21E1-4A4C-AD60-315359372B4E}.Release|Any CPU.Build.0 = Release|Any CPU
	EndGlobalSection
	GlobalSection(SolutionProperties) = preSolution
		HideSolutionNode = FALSE
	EndGlobalSection
	GlobalSection(ExtensibilityGlobals) = postSolution
		SolutionGuid = {E7C84F62-A77E-4809-863A-E803C74EB8D3}
	EndGlobalSection
EndGlobal
